<?xml version="1.0" encoding="utf-8"?>
<Project ToolsVersion="4.0" xmlns="http://schemas.microsoft.com/developer/msbuild/2003">
  <ItemGroup>
    <Filter Include="Source Files">
      <UniqueIdentifier>{4FC737F1-C7A5-4376-A066-2A32D752A2FF}</UniqueIdentifier>
      <Extensions>cpp;c;cc;cxx;c++;def;odl;idl;hpj;bat;asm;asmx</Extensions>
    </Filter>
    <Filter Include="Header Files">
      <UniqueIdentifier>{93995380-89BD-4b04-88EB-625FBE52EBFB}</UniqueIdentifier>
      <Extensions>h;hh;hpp;hxx;h++;hm;inl;inc;ipp;xsd</Extensions>
    </Filter>
    <Filter Include="Resource Files">
      <UniqueIdentifier>{67DA6AB6-F800-4c08-8B7A-83BB121AAD01}</UniqueIdentifier>
      <Extensions>rc;ico;cur;bmp;dlg;rc2;rct;bin;rgs;gif;jpg;jpeg;jpe;resx;tiff;tif;png;wav;mfcribbon-ms</Extensions>
    </Filter>
    <Filter Include="Resource Files\libgraphics">
      <UniqueIdentifier>{44153715-d9a8-47c7-9105-c3ef125ad9e9}</UniqueIdentifier>
    </Filter>
    <Filter Include="Resource Files\simpleGUI">
      <UniqueIdentifier>{fdca6f39-fce4-4282-bbd7-af0e73b6dde8}</UniqueIdentifier>
    </Filter>
  </ItemGroup>
  <ItemGroup>
    <ClCompile Include="..\mySourceFiles\main.c">
      <Filter>Source Files</Filter>
    </ClCompile>
    <ClCompile Include="..\myExternalLibraries\libgraphics\exceptio.c">
      <Filter>Resource Files\libgraphics</Filter>
    </ClCompile>
    <ClCompile Include="..\myExternalLibraries\libgraphics\genlib.c">
      <Filter>Resource Files\libgraphics</Filter>
    </ClCompile>
    <ClCompile Include="..\myExternalLibraries\libgraphics\graphics.c">
      <Filter>Resource Files\libgraphics</Filter>
    </ClCompile>
    <ClCompile Include="..\myExternalLibraries\libgraphics\random.c">
      <Filter>Resource Files\libgraphics</Filter>
    </ClCompile>
    <ClCompile Include="..\myExternalLibraries\libgraphics\simpio.c">
      <Filter>Resource Files\libgraphics</Filter>
    </ClCompile>
    <ClCompile Include="..\myExternalLibraries\libgraphics\strlib.c">
      <Filter>Resource Files\libgraphics</Filter>
    </ClCompile>
    <ClCompile Include="..\myExternalLibraries\simpleGUI\imgui.c">
      <Filter>Resource Files\simpleGUI</Filter>
    </ClCompile>
    <ClCompile Include="..\mySourceFiles\my_callback.c">
      <Filter>Source Files</Filter>
    </ClCompile>
    <ClCompile Include="..\mySourceFiles\my_display.c">
      <Filter>Source Files</Filter>
    </ClCompile>
  </ItemGroup>
  <ItemGroup>
    <ClInclude Include="..\myExternalLibraries\libgraphics\exception.h">
      <Filter>Resource Files\libgraphics</Filter>
    </ClInclude>
    <ClInclude Include="..\myExternalLibraries\libgraphics\extgraph.h">
      <Filter>Resource Files\libgraphics</Filter>
    </ClInclude>
    <ClInclude Include="..\myExternalLibraries\libgraphics\gcalloc.h">
      <Filter>Resource Files\libgraphics</Filter>
    </ClInclude>
    <ClInclude Include="..\myExternalLibraries\libgraphics\genlib.h">
      <Filter>Resource Files\libgraphics</Filter>
    </ClInclude>
    <ClInclude Include="..\myExternalLibraries\libgraphics\graphics.h">
      <Filter>Resource Files\libgraphics</Filter>
    </ClInclude>
    <ClInclude Include="..\myExternalLibraries\libgraphics\random.h">
      <Filter>Resource Files\libgraphics</Filter>
    </ClInclude>
    <ClInclude Include="..\myExternalLibraries\libgraphics\simpio.h">
      <Filter>Resource Files\libgraphics</Filter>
    </ClInclude>
    <ClInclude Include="..\myExternalLibraries\libgraphics\strlib.h">
      <Filter>Resource Files\libgraphics</Filter>
    </ClInclude>
    <ClInclude Include="..\myExternalLibraries\simpleGUI\imgui.h">
      <Filter>Resource Files\simpleGUI</Filter>
    </ClInclude>
    <ClInclude Include="..\mySourceFiles\my_callback.h">
      <Filter>Source Files</Filter>
    </ClInclude>
    <ClInclude Include="..\mySourceFiles\my_display.h">
      <Filter>Source Files</Filter>
    </ClInclude>
    <ClInclude Include="..\mySourceFiles\my_macro.h">
      <Filter>Source Files</Filter>
    </ClInclude>
  </ItemGroup>
</Project>